{
  "nodes": {
    "clipse-gui-src": {
      "flake": false,
      "locked": {
        "lastModified": 1763761596,
        "narHash": "sha256-bzqNFTEovr9V46vWK0SkSqiCJK4OV5cF5nKo+LorUZs=",
        "owner": "d7omdev",
        "repo": "clipse-gui",
        "rev": "39c02f0a1e30ff1e61b11afad1be5ffa12e639fd",
        "type": "github"
      },
      "original": {
        "owner": "d7omdev",
        "repo": "clipse-gui",
        "type": "github"
      }
    },
    "go-typer-src": {
      "flake": false,
      "locked": {
        "lastModified": 1751352515,
        "narHash": "sha256-XLONO0hwQPqqD8FZHIxd+qJ9j8aotM6ftqLeyPpdS70=",
        "owner": "prime-run",
        "repo": "go-typer",
        "rev": "b29c72326fe8c5f9d1702e6dcf384154ce737e16",
        "type": "github"
      },
      "original": {
        "owner": "prime-run",
        "repo": "go-typer",
        "type": "github"
      }
    },
    "home-manager": {
      "inputs": {
        "nixpkgs": [
          "nixpkgs"
        ]
      },
      "locked": {
        "lastModified": 1764998300,
        "narHash": "sha256-fZatn/KLfHLDXnF0wy7JxXqGaZmGDTVufT4o/AOlj44=",
        "owner": "nix-community",
        "repo": "home-manager",
        "rev": "27a6182347ccae90a88231ae0dc5dfa7d15815bb",
        "type": "github"
      },
      "original": {
        "owner": "nix-community",
        "repo": "home-manager",
        "type": "github"
      }
    },
    "nix-flakes": {
      "inputs": {
        "clipse-gui-src": "clipse-gui-src",
        "go-typer-src": "go-typer-src",
        "nixpkgs": [
          "nixpkgs"
        ],
        "nixpkgs-deej": "nixpkgs-deej",
        "togo-src": "togo-src"
      },
      "locked": {
        "lastModified": 1765129615,
        "narHash": "sha256-ySH4bXXHb6nr63LCqAiWS/qrciQknjc0Q7YtognqIw8=",
        "owner": "valenbar",
        "repo": "nix-flakes",
        "rev": "1bc1d7c18e3cb536d3b9d206843c49ea89d9d490",
        "type": "github"
      },
      "original": {
        "owner": "valenbar",
        "repo": "nix-flakes",
        "type": "github"
      }
    },
    "nixos-hardware": {
      "locked": {
        "lastModified": 1764440730,
        "narHash": "sha256-ZlJTNLUKQRANlLDomuRWLBCH5792x+6XUJ4YdFRjtO4=",
        "owner": "NixOS",
        "repo": "nixos-hardware",
        "rev": "9154f4569b6cdfd3c595851a6ba51bfaa472d9f3",
        "type": "github"
      },
      "original": {
        "owner": "NixOS",
        "ref": "master",
        "repo": "nixos-hardware",
        "type": "github"
      }
    },
    "nixpkgs": {
      "locked": {
        "lastModified": 1759070547,
        "narHash": "sha256-JVZl8NaVRYb0+381nl7LvPE+A774/dRpif01FKLrYFQ=",
        "owner": "nixos",
        "repo": "nixpkgs",
        "rev": "647e5c14cbd5067f44ac86b74f014962df460840",
        "type": "github"
      },
      "original": {
        "owner": "nixos",
        "ref": "nixpkgs-unstable",
        "repo": "nixpkgs",
        "type": "github"
      }
    },
    "nixpkgs-deej": {
      "locked": {
        "lastModified": 1760782043,
        "narHash": "sha256-+4A1SFln9wOCoUZM0mQfKefP1uRVmjz6bV5SPbl1Q/4=",
        "owner": "NixOS",
        "repo": "nixpkgs",
        "rev": "36226520e9f7a35bf341cbe3b6a1ff9047bec6d9",
        "type": "github"
      },
      "original": {
        "owner": "NixOS",
        "repo": "nixpkgs",
        "rev": "36226520e9f7a35bf341cbe3b6a1ff9047bec6d9",
        "type": "github"
      }
    },
    "nixpkgs-jellyfin-media-player": {
      "locked": {
        "lastModified": 1753722563,
        "narHash": "sha256-FK8iq76wlacriq3u0kFCehsRYTAqjA9nfprpiSWRWIc=",
        "owner": "nixos",
        "repo": "nixpkgs",
        "rev": "648f70160c03151bc2121d179291337ad6bc564b",
        "type": "github"
      },
      "original": {
        "owner": "nixos",
        "repo": "nixpkgs",
        "rev": "648f70160c03151bc2121d179291337ad6bc564b",
        "type": "github"
      }
    },
    "nixpkgs_2": {
      "locked": {
        "lastModified": 1764950072,
        "narHash": "sha256-BmPWzogsG2GsXZtlT+MTcAWeDK5hkbGRZTeZNW42fwA=",
        "owner": "NixOS",
        "repo": "nixpkgs",
        "rev": "f61125a668a320878494449750330ca58b78c557",
        "type": "github"
      },
      "original": {
        "owner": "NixOS",
        "ref": "nixos-unstable",
        "repo": "nixpkgs",
        "type": "github"
      }
    },
    "nixpkgs_3": {
      "locked": {
        "lastModified": 1764950072,
        "narHash": "sha256-BmPWzogsG2GsXZtlT+MTcAWeDK5hkbGRZTeZNW42fwA=",
        "owner": "NixOS",
        "repo": "nixpkgs",
        "rev": "f61125a668a320878494449750330ca58b78c557",
        "type": "github"
      },
      "original": {
        "owner": "NixOS",
        "ref": "nixos-unstable",
        "repo": "nixpkgs",
        "type": "github"
      }
    },
    "plasma-manager": {
      "inputs": {
        "home-manager": [
          "home-manager"
        ],
        "nixpkgs": [
          "nixpkgs"
        ]
      },
      "locked": {
        "lastModified": 1763909441,
        "narHash": "sha256-56LwV51TX/FhgX+5LCG6akQ5KrOWuKgcJa+eUsRMxsc=",
        "owner": "nix-community",
        "repo": "plasma-manager",
        "rev": "b24ed4b272256dfc1cc2291f89a9821d5f9e14b4",
        "type": "github"
      },
      "original": {
        "owner": "nix-community",
        "repo": "plasma-manager",
        "type": "github"
      }
    },
    "refind-nix": {
      "inputs": {
        "nixpkgs": "nixpkgs_2"
      },
      "locked": {
        "lastModified": 1749825651,
        "narHash": "sha256-X8sm6XSkl5vzDUys/Jdfj8W5GIOoDuTJbuCFcdmzfGE=",
        "owner": "DerZerSchlachta",
        "repo": "refind-nix",
        "rev": "8c0b1127409e796c5b415e9fa712cb13eeaebf2b",
        "type": "github"
      },
      "original": {
        "owner": "DerZerSchlachta",
        "repo": "refind-nix",
        "type": "github"
      }
    },
    "root": {
      "inputs": {
        "home-manager": "home-manager",
        "nix-flakes": "nix-flakes",
        "nixos-hardware": "nixos-hardware",
        "nixpkgs": "nixpkgs",
        "nixpkgs-jellyfin-media-player": "nixpkgs-jellyfin-media-player",
        "plasma-manager": "plasma-manager",
        "refind-nix": "refind-nix",
        "spicetify-nix": "spicetify-nix"
      }
    },
    "spicetify-nix": {
      "inputs": {
        "nixpkgs": "nixpkgs_3",
        "systems": "systems"
      },
      "locked": {
        "lastModified": 1765082296,
        "narHash": "sha256-EcefoixU9ht+P6QB/TfjLY9E3MdJVfeSec6G8Ges0pA=",
        "owner": "Gerg-L",
        "repo": "spicetify-nix",
        "rev": "ac4927ea1ec7e7ea3635a1d8b933106a596c4356",
        "type": "github"
      },
      "original": {
        "owner": "Gerg-L",
        "repo": "spicetify-nix",
        "type": "github"
      }
    },
    "systems": {
      "locked": {
        "lastModified": 1681028828,
        "narHash": "sha256-Vy1rq5AaRuLzOxct8nz4T6wlgyUR7zLU309k9mBC768=",
        "owner": "nix-systems",
        "repo": "default",
        "rev": "da67096a3b9bf56a91d16901293e51ba5b49a27e",
        "type": "github"
      },
      "original": {
        "owner": "nix-systems",
        "repo": "default",
        "type": "github"
      }
    },
    "togo-src": {
      "flake": false,
      "locked": {
        "lastModified": 1755708295,
        "narHash": "sha256-0Ypek/dFqYS/ScKGRJd9d7hg4EElD+WIuBkIcVSqwJA=",
        "owner": "prime-run",
        "repo": "togo",
        "rev": "86b7a8128b7ff0469dccc1398f491f170c08a10a",
        "type": "github"
      },
      "original": {
        "owner": "prime-run",
        "repo": "togo",
        "type": "github"
      }
    }
  },
  "root": "root",
  "version": 7
}
